
Microsoft Visual Studio Solution File, Format Version 12.00
# Visual Studio Version 17
VisualStudioVersion = 17.0.32112.339
MinimumVisualStudioVersion = 10.0.40219.1
Project("{FAE04EC0-301F-11D3-BF4B-00C04F79EFBC}") = "Diamante.ConsoleApp", "Diamante.ConsoleApp\Diamante.ConsoleApp.csproj", "{793B753F-2B4F-4937-8B63-67A9784116BD}"
EndProject
Global
	GlobalSection(SolutionConfigurationPlatforms) = preSolution
		Debug|Any CPU = Debug|Any CPU
		Release|Any CPU = Release|Any CPU
	EndGlobalSection
	GlobalSection(ProjectConfigurationPlatforms) = postSolution
		{793B753F-2B4F-4937-8B63-67A9784116BD}.Debug|Any CPU.ActiveCfg = Debug|Any CPU
		{793B753F-2B4F-4937-8B63-67A9784116BD}.Debug|Any CPU.Build.0 = Debug|Any CPU
		{793B753F-2B4F-4937-8B63-67A9784116BD}.Release|Any CPU.ActiveCfg = Release|Any CPU
		{793B753F-2B4F-4937-8B63-67A9784116BD}.Release|Any CPU.Build.0 = Release|Any CPU
	EndGlobalSection
	GlobalSection(SolutionProperties) = preSolution
		HideSolutionNode = FALSE
	EndGlobalSection
	GlobalSection(ExtensibilityGlobals) = postSolution
		SolutionGuid = {DA9E32AA-7B44-4506-84EF-F8A34609E5AE}
	EndGlobalSection
EndGlobal
